
Microsoft Visual Studio Solution File, Format Version 12.00
# Visual Studio Version 16
VisualStudioVersion = 16.0.33130.400
MinimumVisualStudioVersion = 10.0.40219.1
Project("{888888A0-9F3D-457C-B088-3A5042F75D52}") = "python lists", "python lists\python lists.pyproj", "{804D136F-0206-48F3-9624-EB15A6FF58B6}"
EndProject
Global
	GlobalSection(SolutionConfigurationPlatforms) = preSolution
		Debug|Any CPU = Debug|Any CPU
		Release|Any CPU = Release|Any CPU
	EndGlobalSection
	GlobalSection(ProjectConfigurationPlatforms) = postSolution
		{804D136F-0206-48F3-9624-EB15A6FF58B6}.Debug|Any CPU.ActiveCfg = Debug|Any CPU
		{804D136F-0206-48F3-9624-EB15A6FF58B6}.Release|Any CPU.ActiveCfg = Release|Any CPU
	EndGlobalSection
	GlobalSection(SolutionProperties) = preSolution
		HideSolutionNode = FALSE
	EndGlobalSection
	GlobalSection(ExtensibilityGlobals) = postSolution
		SolutionGuid = {4E6672F6-FFB9-4B9E-9696-92E65C6938C6}
	EndGlobalSection
EndGlobal
